
Microsoft Visual Studio Solution File, Format Version 12.00
# Visual Studio Version 17
VisualStudioVersion = 17.2.32516.85
MinimumVisualStudioVersion = 10.0.40219.1
Project("{9A19103F-16F7-4668-BE54-9A1E7A4F7556}") = "TypeDitor", "TypeDitor\TypeDitor.csproj", "{37213764-74F3-4D4D-B633-F0E0649AA3FC}"
EndProject
Project("{FAE04EC0-301F-11D3-BF4B-00C04F79EFBC}") = "TypeD", "..\typed\TypeD\TypeD.csproj", "{990BCB52-FC52-4BFD-9A07-BF51899D9BD2}"
EndProject
Global
	GlobalSection(SolutionConfigurationPlatforms) = preSolution
		Debug|Any CPU = Debug|Any CPU
		Release|Any CPU = Release|Any CPU
	EndGlobalSection
	GlobalSection(ProjectConfigurationPlatforms) = postSolution
		{37213764-74F3-4D4D-B633-F0E0649AA3FC}.Debug|Any CPU.ActiveCfg = Debug|Any CPU
		{37213764-74F3-4D4D-B633-F0E0649AA3FC}.Debug|Any CPU.Build.0 = Debug|Any CPU
		{37213764-74F3-4D4D-B633-F0E0649AA3FC}.Release|Any CPU.ActiveCfg = Release|Any CPU
		{37213764-74F3-4D4D-B633-F0E0649AA3FC}.Release|Any CPU.Build.0 = Release|Any CPU
		{99854750-0A71-43C9-82F7-885977EE8252}.Debug|Any CPU.ActiveCfg = Debug|Any CPU
		{99854750-0A71-43C9-82F7-885977EE8252}.Debug|Any CPU.Build.0 = Debug|Any CPU
		{99854750-0A71-43C9-82F7-885977EE8252}.Release|Any CPU.ActiveCfg = Release|Any CPU
		{99854750-0A71-43C9-82F7-885977EE8252}.Release|Any CPU.Build.0 = Release|Any CPU
		{FDD72860-4CF6-4340-87D8-AF6710DFFEB1}.Debug|Any CPU.ActiveCfg = Debug|Any CPU
		{FDD72860-4CF6-4340-87D8-AF6710DFFEB1}.Debug|Any CPU.Build.0 = Debug|Any CPU
		{FDD72860-4CF6-4340-87D8-AF6710DFFEB1}.Release|Any CPU.ActiveCfg = Release|Any CPU
		{FDD72860-4CF6-4340-87D8-AF6710DFFEB1}.Release|Any CPU.Build.0 = Release|Any CPU
		{990BCB52-FC52-4BFD-9A07-BF51899D9BD2}.Debug|Any CPU.ActiveCfg = Debug|Any CPU
		{990BCB52-FC52-4BFD-9A07-BF51899D9BD2}.Debug|Any CPU.Build.0 = Debug|Any CPU
		{990BCB52-FC52-4BFD-9A07-BF51899D9BD2}.Release|Any CPU.ActiveCfg = Release|Any CPU
		{990BCB52-FC52-4BFD-9A07-BF51899D9BD2}.Release|Any CPU.Build.0 = Release|Any CPU
	EndGlobalSection
	GlobalSection(SolutionProperties) = preSolution
		HideSolutionNode = FALSE
	EndGlobalSection
	GlobalSection(ExtensibilityGlobals) = postSolution
		SolutionGuid = {C4CBC2D8-03C8-4ECF-AFB7-570ECD1D55CE}
	EndGlobalSection
EndGlobal
