
Microsoft Visual Studio Solution File, Format Version 12.00
# Visual Studio Version 17
VisualStudioVersion = 17.2.32516.85
MinimumVisualStudioVersion = 10.0.40219.1
Project("{9A19103F-16F7-4668-BE54-9A1E7A4F7556}") = "TypeDitor", "TypeDitor\TypeDitor.csproj", "{37213764-74F3-4D4D-B633-F0E0649AA3FC}"
EndProject
Project("{FAE04EC0-301F-11D3-BF4B-00C04F79EFBC}") = "TypeD", "..\typed\TypeD\TypeD.csproj", "{990BCB52-FC52-4BFD-9A07-BF51899D9BD2}"
EndProject
Project("{FAE04EC0-301F-11D3-BF4B-00C04F79EFBC}") = "TypeOCore", "..\typeocore\TypeOCore\TypeOCore.csproj", "{71531FA8-DC2F-44B4-9086-DA33B438B399}"
EndProject
Project("{FAE04EC0-301F-11D3-BF4B-00C04F79EFBC}") = "TypeDCore", "..\typeocore\TypeDCore\TypeDCore.csproj", "{B85D464F-F9A4-4A82-9E7E-362F6EA89ADD}"
EndProject
Project("{FAE04EC0-301F-11D3-BF4B-00C04F79EFBC}") = "TypeOTK", "..\typeotk\TypeOTK\TypeOTK.csproj", "{86984FB1-9763-4696-95ED-267CEF13FA17}"
EndProject
Project("{FAE04EC0-301F-11D3-BF4B-00C04F79EFBC}") = "TypeDTK", "..\typeotk\TypeDTK\TypeDTK.csproj", "{AFCA7736-C69E-44C5-A193-16AF8AC22F22}"
EndProject
Project("{FAE04EC0-301F-11D3-BF4B-00C04F79EFBC}") = "TypeOBasic2d", "..\typeobasic2d\TypeOBasic2d\TypeOBasic2d.csproj", "{02A36F51-5A5A-4F52-8A59-36E5F0E27BBE}"
EndProject
Project("{FAE04EC0-301F-11D3-BF4B-00C04F79EFBC}") = "TypeDBasic2d", "..\typeobasic2d\TypeDBasic2d\TypeDBasic2d.csproj", "{1E299F58-0F83-4540-92C7-961478ECFAC5}"
EndProject
Project("{FAE04EC0-301F-11D3-BF4B-00C04F79EFBC}") = "TypeODesktop", "..\typeodesktop\TypeODesktop\TypeODesktop.csproj", "{A6184175-F079-4E38-A6D4-EE231734BCD3}"
EndProject
Global
	GlobalSection(SolutionConfigurationPlatforms) = preSolution
		Debug|Any CPU = Debug|Any CPU
		Debug|x64 = Debug|x64
		Debug|x86 = Debug|x86
		Release|Any CPU = Release|Any CPU
		Release|x64 = Release|x64
		Release|x86 = Release|x86
	EndGlobalSection
	GlobalSection(ProjectConfigurationPlatforms) = postSolution
		{37213764-74F3-4D4D-B633-F0E0649AA3FC}.Debug|Any CPU.ActiveCfg = Debug|Any CPU
		{37213764-74F3-4D4D-B633-F0E0649AA3FC}.Debug|Any CPU.Build.0 = Debug|Any CPU
		{37213764-74F3-4D4D-B633-F0E0649AA3FC}.Debug|x64.ActiveCfg = Debug|Any CPU
		{37213764-74F3-4D4D-B633-F0E0649AA3FC}.Debug|x64.Build.0 = Debug|Any CPU
		{37213764-74F3-4D4D-B633-F0E0649AA3FC}.Debug|x86.ActiveCfg = Debug|Any CPU
		{37213764-74F3-4D4D-B633-F0E0649AA3FC}.Debug|x86.Build.0 = Debug|Any CPU
		{37213764-74F3-4D4D-B633-F0E0649AA3FC}.Release|Any CPU.ActiveCfg = Release|Any CPU
		{37213764-74F3-4D4D-B633-F0E0649AA3FC}.Release|Any CPU.Build.0 = Release|Any CPU
		{37213764-74F3-4D4D-B633-F0E0649AA3FC}.Release|x64.ActiveCfg = Release|Any CPU
		{37213764-74F3-4D4D-B633-F0E0649AA3FC}.Release|x64.Build.0 = Release|Any CPU
		{37213764-74F3-4D4D-B633-F0E0649AA3FC}.Release|x86.ActiveCfg = Release|Any CPU
		{37213764-74F3-4D4D-B633-F0E0649AA3FC}.Release|x86.Build.0 = Release|Any CPU
		{990BCB52-FC52-4BFD-9A07-BF51899D9BD2}.Debug|Any CPU.ActiveCfg = Debug|Any CPU
		{990BCB52-FC52-4BFD-9A07-BF51899D9BD2}.Debug|Any CPU.Build.0 = Debug|Any CPU
		{990BCB52-FC52-4BFD-9A07-BF51899D9BD2}.Debug|x64.ActiveCfg = Debug|Any CPU
		{990BCB52-FC52-4BFD-9A07-BF51899D9BD2}.Debug|x64.Build.0 = Debug|Any CPU
		{990BCB52-FC52-4BFD-9A07-BF51899D9BD2}.Debug|x86.ActiveCfg = Debug|Any CPU
		{990BCB52-FC52-4BFD-9A07-BF51899D9BD2}.Debug|x86.Build.0 = Debug|Any CPU
		{990BCB52-FC52-4BFD-9A07-BF51899D9BD2}.Release|Any CPU.ActiveCfg = Release|Any CPU
		{990BCB52-FC52-4BFD-9A07-BF51899D9BD2}.Release|Any CPU.Build.0 = Release|Any CPU
		{990BCB52-FC52-4BFD-9A07-BF51899D9BD2}.Release|x64.ActiveCfg = Release|Any CPU
		{990BCB52-FC52-4BFD-9A07-BF51899D9BD2}.Release|x64.Build.0 = Release|Any CPU
		{990BCB52-FC52-4BFD-9A07-BF51899D9BD2}.Release|x86.ActiveCfg = Release|Any CPU
		{990BCB52-FC52-4BFD-9A07-BF51899D9BD2}.Release|x86.Build.0 = Release|Any CPU
		{71531FA8-DC2F-44B4-9086-DA33B438B399}.Debug|Any CPU.ActiveCfg = Debug|Any CPU
		{71531FA8-DC2F-44B4-9086-DA33B438B399}.Debug|Any CPU.Build.0 = Debug|Any CPU
		{71531FA8-DC2F-44B4-9086-DA33B438B399}.Debug|x64.ActiveCfg = Debug|Any CPU
		{71531FA8-DC2F-44B4-9086-DA33B438B399}.Debug|x64.Build.0 = Debug|Any CPU
		{71531FA8-DC2F-44B4-9086-DA33B438B399}.Debug|x86.ActiveCfg = Debug|Any CPU
		{71531FA8-DC2F-44B4-9086-DA33B438B399}.Debug|x86.Build.0 = Debug|Any CPU
		{71531FA8-DC2F-44B4-9086-DA33B438B399}.Release|Any CPU.ActiveCfg = Release|Any CPU
		{71531FA8-DC2F-44B4-9086-DA33B438B399}.Release|Any CPU.Build.0 = Release|Any CPU
		{71531FA8-DC2F-44B4-9086-DA33B438B399}.Release|x64.ActiveCfg = Release|Any CPU
		{71531FA8-DC2F-44B4-9086-DA33B438B399}.Release|x64.Build.0 = Release|Any CPU
		{71531FA8-DC2F-44B4-9086-DA33B438B399}.Release|x86.ActiveCfg = Release|Any CPU
		{71531FA8-DC2F-44B4-9086-DA33B438B399}.Release|x86.Build.0 = Release|Any CPU
		{B85D464F-F9A4-4A82-9E7E-362F6EA89ADD}.Debug|Any CPU.ActiveCfg = Debug|Any CPU
		{B85D464F-F9A4-4A82-9E7E-362F6EA89ADD}.Debug|Any CPU.Build.0 = Debug|Any CPU
		{B85D464F-F9A4-4A82-9E7E-362F6EA89ADD}.Debug|x64.ActiveCfg = Debug|Any CPU
		{B85D464F-F9A4-4A82-9E7E-362F6EA89ADD}.Debug|x64.Build.0 = Debug|Any CPU
		{B85D464F-F9A4-4A82-9E7E-362F6EA89ADD}.Debug|x86.ActiveCfg = Debug|Any CPU
		{B85D464F-F9A4-4A82-9E7E-362F6EA89ADD}.Debug|x86.Build.0 = Debug|Any CPU
		{B85D464F-F9A4-4A82-9E7E-362F6EA89ADD}.Release|Any CPU.ActiveCfg = Release|Any CPU
		{B85D464F-F9A4-4A82-9E7E-362F6EA89ADD}.Release|Any CPU.Build.0 = Release|Any CPU
		{B85D464F-F9A4-4A82-9E7E-362F6EA89ADD}.Release|x64.ActiveCfg = Release|Any CPU
		{B85D464F-F9A4-4A82-9E7E-362F6EA89ADD}.Release|x64.Build.0 = Release|Any CPU
		{B85D464F-F9A4-4A82-9E7E-362F6EA89ADD}.Release|x86.ActiveCfg = Release|Any CPU
		{B85D464F-F9A4-4A82-9E7E-362F6EA89ADD}.Release|x86.Build.0 = Release|Any CPU
		{86984FB1-9763-4696-95ED-267CEF13FA17}.Debug|Any CPU.ActiveCfg = Debug|Any CPU
		{86984FB1-9763-4696-95ED-267CEF13FA17}.Debug|Any CPU.Build.0 = Debug|Any CPU
		{86984FB1-9763-4696-95ED-267CEF13FA17}.Debug|x64.ActiveCfg = Debug|Any CPU
		{86984FB1-9763-4696-95ED-267CEF13FA17}.Debug|x64.Build.0 = Debug|Any CPU
		{86984FB1-9763-4696-95ED-267CEF13FA17}.Debug|x86.ActiveCfg = Debug|Any CPU
		{86984FB1-9763-4696-95ED-267CEF13FA17}.Debug|x86.Build.0 = Debug|Any CPU
		{86984FB1-9763-4696-95ED-267CEF13FA17}.Release|Any CPU.ActiveCfg = Release|Any CPU
		{86984FB1-9763-4696-95ED-267CEF13FA17}.Release|Any CPU.Build.0 = Release|Any CPU
		{86984FB1-9763-4696-95ED-267CEF13FA17}.Release|x64.ActiveCfg = Release|Any CPU
		{86984FB1-9763-4696-95ED-267CEF13FA17}.Release|x64.Build.0 = Release|Any CPU
		{86984FB1-9763-4696-95ED-267CEF13FA17}.Release|x86.ActiveCfg = Release|Any CPU
		{86984FB1-9763-4696-95ED-267CEF13FA17}.Release|x86.Build.0 = Release|Any CPU
		{AFCA7736-C69E-44C5-A193-16AF8AC22F22}.Debug|Any CPU.ActiveCfg = Debug|Any CPU
		{AFCA7736-C69E-44C5-A193-16AF8AC22F22}.Debug|Any CPU.Build.0 = Debug|Any CPU
		{AFCA7736-C69E-44C5-A193-16AF8AC22F22}.Debug|x64.ActiveCfg = Debug|Any CPU
		{AFCA7736-C69E-44C5-A193-16AF8AC22F22}.Debug|x64.Build.0 = Debug|Any CPU
		{AFCA7736-C69E-44C5-A193-16AF8AC22F22}.Debug|x86.ActiveCfg = Debug|Any CPU
		{AFCA7736-C69E-44C5-A193-16AF8AC22F22}.Debug|x86.Build.0 = Debug|Any CPU
		{AFCA7736-C69E-44C5-A193-16AF8AC22F22}.Release|Any CPU.ActiveCfg = Release|Any CPU
		{AFCA7736-C69E-44C5-A193-16AF8AC22F22}.Release|Any CPU.Build.0 = Release|Any CPU
		{AFCA7736-C69E-44C5-A193-16AF8AC22F22}.Release|x64.ActiveCfg = Release|Any CPU
		{AFCA7736-C69E-44C5-A193-16AF8AC22F22}.Release|x64.Build.0 = Release|Any CPU
		{AFCA7736-C69E-44C5-A193-16AF8AC22F22}.Release|x86.ActiveCfg = Release|Any CPU
		{AFCA7736-C69E-44C5-A193-16AF8AC22F22}.Release|x86.Build.0 = Release|Any CPU
		{02A36F51-5A5A-4F52-8A59-36E5F0E27BBE}.Debug|Any CPU.ActiveCfg = Debug|Any CPU
		{02A36F51-5A5A-4F52-8A59-36E5F0E27BBE}.Debug|Any CPU.Build.0 = Debug|Any CPU
		{02A36F51-5A5A-4F52-8A59-36E5F0E27BBE}.Debug|x64.ActiveCfg = Debug|Any CPU
		{02A36F51-5A5A-4F52-8A59-36E5F0E27BBE}.Debug|x64.Build.0 = Debug|Any CPU
		{02A36F51-5A5A-4F52-8A59-36E5F0E27BBE}.Debug|x86.ActiveCfg = Debug|Any CPU
		{02A36F51-5A5A-4F52-8A59-36E5F0E27BBE}.Debug|x86.Build.0 = Debug|Any CPU
		{02A36F51-5A5A-4F52-8A59-36E5F0E27BBE}.Release|Any CPU.ActiveCfg = Release|Any CPU
		{02A36F51-5A5A-4F52-8A59-36E5F0E27BBE}.Release|Any CPU.Build.0 = Release|Any CPU
		{02A36F51-5A5A-4F52-8A59-36E5F0E27BBE}.Release|x64.ActiveCfg = Release|Any CPU
		{02A36F51-5A5A-4F52-8A59-36E5F0E27BBE}.Release|x64.Build.0 = Release|Any CPU
		{02A36F51-5A5A-4F52-8A59-36E5F0E27BBE}.Release|x86.ActiveCfg = Release|Any CPU
		{02A36F51-5A5A-4F52-8A59-36E5F0E27BBE}.Release|x86.Build.0 = Release|Any CPU
		{1E299F58-0F83-4540-92C7-961478ECFAC5}.Debug|Any CPU.ActiveCfg = Debug|Any CPU
		{1E299F58-0F83-4540-92C7-961478ECFAC5}.Debug|Any CPU.Build.0 = Debug|Any CPU
		{1E299F58-0F83-4540-92C7-961478ECFAC5}.Debug|x64.ActiveCfg = Debug|Any CPU
		{1E299F58-0F83-4540-92C7-961478ECFAC5}.Debug|x64.Build.0 = Debug|Any CPU
		{1E299F58-0F83-4540-92C7-961478ECFAC5}.Debug|x86.ActiveCfg = Debug|Any CPU
		{1E299F58-0F83-4540-92C7-961478ECFAC5}.Debug|x86.Build.0 = Debug|Any CPU
		{1E299F58-0F83-4540-92C7-961478ECFAC5}.Release|Any CPU.ActiveCfg = Release|Any CPU
		{1E299F58-0F83-4540-92C7-961478ECFAC5}.Release|Any CPU.Build.0 = Release|Any CPU
		{1E299F58-0F83-4540-92C7-961478ECFAC5}.Release|x64.ActiveCfg = Release|Any CPU
		{1E299F58-0F83-4540-92C7-961478ECFAC5}.Release|x64.Build.0 = Release|Any CPU
		{1E299F58-0F83-4540-92C7-961478ECFAC5}.Release|x86.ActiveCfg = Release|Any CPU
		{1E299F58-0F83-4540-92C7-961478ECFAC5}.Release|x86.Build.0 = Release|Any CPU
		{A6184175-F079-4E38-A6D4-EE231734BCD3}.Debug|Any CPU.ActiveCfg = Debug|Any CPU
		{A6184175-F079-4E38-A6D4-EE231734BCD3}.Debug|Any CPU.Build.0 = Debug|Any CPU
		{A6184175-F079-4E38-A6D4-EE231734BCD3}.Debug|x64.ActiveCfg = Debug|Any CPU
		{A6184175-F079-4E38-A6D4-EE231734BCD3}.Debug|x64.Build.0 = Debug|Any CPU
		{A6184175-F079-4E38-A6D4-EE231734BCD3}.Debug|x86.ActiveCfg = Debug|Any CPU
		{A6184175-F079-4E38-A6D4-EE231734BCD3}.Debug|x86.Build.0 = Debug|Any CPU
		{A6184175-F079-4E38-A6D4-EE231734BCD3}.Release|Any CPU.ActiveCfg = Release|Any CPU
		{A6184175-F079-4E38-A6D4-EE231734BCD3}.Release|Any CPU.Build.0 = Release|Any CPU
		{A6184175-F079-4E38-A6D4-EE231734BCD3}.Release|x64.ActiveCfg = Release|Any CPU
		{A6184175-F079-4E38-A6D4-EE231734BCD3}.Release|x64.Build.0 = Release|Any CPU
		{A6184175-F079-4E38-A6D4-EE231734BCD3}.Release|x86.ActiveCfg = Release|Any CPU
		{A6184175-F079-4E38-A6D4-EE231734BCD3}.Release|x86.Build.0 = Release|Any CPU
	EndGlobalSection
	GlobalSection(SolutionProperties) = preSolution
		HideSolutionNode = FALSE
	EndGlobalSection
	GlobalSection(ExtensibilityGlobals) = postSolution
		SolutionGuid = {C4CBC2D8-03C8-4ECF-AFB7-570ECD1D55CE}
	EndGlobalSection
EndGlobal
